
Microsoft Visual Studio Solution File, Format Version 12.00
# Visual Studio Version 17
VisualStudioVersion = 17.11.35219.272
MinimumVisualStudioVersion = 10.0.40219.1
Project("{888888A0-9F3D-457C-B088-3A5042F75D52}") = "GameLauncher", "PythonApplication2\GameLauncher.pyproj", "{4CE1F67F-1362-41FE-BFDC-AD9768AFF90B}"
EndProject
Global
	GlobalSection(SolutionConfigurationPlatforms) = preSolution
		Debug|Any CPU = Debug|Any CPU
		Release|Any CPU = Release|Any CPU
	EndGlobalSection
	GlobalSection(ProjectConfigurationPlatforms) = postSolution
		{4CE1F67F-1362-41FE-BFDC-AD9768AFF90B}.Debug|Any CPU.ActiveCfg = Debug|Any CPU
		{4CE1F67F-1362-41FE-BFDC-AD9768AFF90B}.Release|Any CPU.ActiveCfg = Release|Any CPU
	EndGlobalSection
	GlobalSection(SolutionProperties) = preSolution
		HideSolutionNode = FALSE
	EndGlobalSection
	GlobalSection(ExtensibilityGlobals) = postSolution
		SolutionGuid = {7B78A2C9-220E-4659-9BD5-B8F4B9646153}
	EndGlobalSection
EndGlobal
